// !$*UTF8*$!
{
	archiveVersion = 1;
	classes = {
	};
	objectVersion = 55;
	objects = {

/* Begin PBXBuildFile section */
		6A00DD4F2823E4C7002D47DE /* Floaty in Frameworks */ = {isa = PBXBuildFile; productRef = 6A00DD4E2823E4C7002D47DE /* Floaty */; };
		6A20902D281E656B00EDEEC2 /* HomeViewController.swift in Sources */ = {isa = PBXBuildFile; fileRef = 6A20902C281E656B00EDEEC2 /* HomeViewController.swift */; };
		6A21C62E28128CEE00A452A9 /* GoogleService-Info.plist in Resources */ = {isa = PBXBuildFile; fileRef = 6A21C62D28128CEE00A452A9 /* GoogleService-Info.plist */; };
		6A21C63128128E2700A452A9 /* FirebaseAnalytics in Frameworks */ = {isa = PBXBuildFile; productRef = 6A21C63028128E2700A452A9 /* FirebaseAnalytics */; };
		6A21C63328128E2800A452A9 /* FirebaseAnalyticsSwift-Beta in Frameworks */ = {isa = PBXBuildFile; productRef = 6A21C63228128E2800A452A9 /* FirebaseAnalyticsSwift-Beta */; };
		6A21C63528128E2800A452A9 /* FirebaseAnalyticsWithoutAdIdSupport in Frameworks */ = {isa = PBXBuildFile; productRef = 6A21C63428128E2800A452A9 /* FirebaseAnalyticsWithoutAdIdSupport */; };
		6A21C63728128E2800A452A9 /* FirebaseAppCheck in Frameworks */ = {isa = PBXBuildFile; productRef = 6A21C63628128E2800A452A9 /* FirebaseAppCheck */; };
		6A21C63928128E2800A452A9 /* FirebaseAppDistribution-Beta in Frameworks */ = {isa = PBXBuildFile; productRef = 6A21C63828128E2800A452A9 /* FirebaseAppDistribution-Beta */; };
		6A21C63B28128E2800A452A9 /* FirebaseAuth in Frameworks */ = {isa = PBXBuildFile; productRef = 6A21C63A28128E2800A452A9 /* FirebaseAuth */; };
		6A21C63D28128E2800A452A9 /* FirebaseAuthCombine-Community in Frameworks */ = {isa = PBXBuildFile; productRef = 6A21C63C28128E2800A452A9 /* FirebaseAuthCombine-Community */; };
		6A21C63F28128E2800A452A9 /* FirebaseCrashlytics in Frameworks */ = {isa = PBXBuildFile; productRef = 6A21C63E28128E2800A452A9 /* FirebaseCrashlytics */; };
		6A21C64128128E2800A452A9 /* FirebaseDatabase in Frameworks */ = {isa = PBXBuildFile; productRef = 6A21C64028128E2800A452A9 /* FirebaseDatabase */; };
		6A21C64328128E2800A452A9 /* FirebaseDatabaseSwift-Beta in Frameworks */ = {isa = PBXBuildFile; productRef = 6A21C64228128E2800A452A9 /* FirebaseDatabaseSwift-Beta */; };
		6A21C64528128E2800A452A9 /* FirebaseDynamicLinks in Frameworks */ = {isa = PBXBuildFile; productRef = 6A21C64428128E2800A452A9 /* FirebaseDynamicLinks */; };
		6A21C64728128E2800A452A9 /* FirebaseFirestore in Frameworks */ = {isa = PBXBuildFile; productRef = 6A21C64628128E2800A452A9 /* FirebaseFirestore */; };
		6A21C64928128E2800A452A9 /* FirebaseFirestoreCombine-Community in Frameworks */ = {isa = PBXBuildFile; productRef = 6A21C64828128E2800A452A9 /* FirebaseFirestoreCombine-Community */; };
		6A21C64B28128E2800A452A9 /* FirebaseFirestoreSwift-Beta in Frameworks */ = {isa = PBXBuildFile; productRef = 6A21C64A28128E2800A452A9 /* FirebaseFirestoreSwift-Beta */; };
		6A21C64D28128E2800A452A9 /* FirebaseFunctions in Frameworks */ = {isa = PBXBuildFile; productRef = 6A21C64C28128E2800A452A9 /* FirebaseFunctions */; };
		6A21C64F28128E2800A452A9 /* FirebaseFunctionsCombine-Community in Frameworks */ = {isa = PBXBuildFile; productRef = 6A21C64E28128E2800A452A9 /* FirebaseFunctionsCombine-Community */; };
		6A21C65128128E2800A452A9 /* FirebaseFunctionsSwift-Beta in Frameworks */ = {isa = PBXBuildFile; productRef = 6A21C65028128E2800A452A9 /* FirebaseFunctionsSwift-Beta */; };
		6A21C65328128E2800A452A9 /* FirebaseInAppMessaging-Beta in Frameworks */ = {isa = PBXBuildFile; productRef = 6A21C65228128E2800A452A9 /* FirebaseInAppMessaging-Beta */; };
		6A21C65528128E2800A452A9 /* FirebaseInAppMessagingSwift-Beta in Frameworks */ = {isa = PBXBuildFile; productRef = 6A21C65428128E2800A452A9 /* FirebaseInAppMessagingSwift-Beta */; };
		6A21C65728128E2800A452A9 /* FirebaseInstallations in Frameworks */ = {isa = PBXBuildFile; productRef = 6A21C65628128E2800A452A9 /* FirebaseInstallations */; };
		6A21C65928128E2800A452A9 /* FirebaseMessaging in Frameworks */ = {isa = PBXBuildFile; productRef = 6A21C65828128E2800A452A9 /* FirebaseMessaging */; };
		6A21C65B28128E2800A452A9 /* FirebasePerformance in Frameworks */ = {isa = PBXBuildFile; productRef = 6A21C65A28128E2800A452A9 /* FirebasePerformance */; };
		6A21C65D28128E2800A452A9 /* FirebaseRemoteConfig in Frameworks */ = {isa = PBXBuildFile; productRef = 6A21C65C28128E2800A452A9 /* FirebaseRemoteConfig */; };
		6A21C65F28128E2800A452A9 /* FirebaseRemoteConfigSwift-Beta in Frameworks */ = {isa = PBXBuildFile; productRef = 6A21C65E28128E2800A452A9 /* FirebaseRemoteConfigSwift-Beta */; };
		6A21C66128128E2800A452A9 /* FirebaseStorage in Frameworks */ = {isa = PBXBuildFile; productRef = 6A21C66028128E2800A452A9 /* FirebaseStorage */; };
		6A21C66328128E2800A452A9 /* FirebaseStorageCombine-Community in Frameworks */ = {isa = PBXBuildFile; productRef = 6A21C66228128E2800A452A9 /* FirebaseStorageCombine-Community */; };
		6A21C66528128E2800A452A9 /* FirebaseStorageSwift-Beta in Frameworks */ = {isa = PBXBuildFile; productRef = 6A21C66428128E2800A452A9 /* FirebaseStorageSwift-Beta */; };
		6A21C6682812A32C00A452A9 /* GoogleSignIn in Frameworks */ = {isa = PBXBuildFile; productRef = 6A21C6672812A32C00A452A9 /* GoogleSignIn */; };
		6A22627C2812D1EA00F0A1D4 /* FacebookBasics in Frameworks */ = {isa = PBXBuildFile; productRef = 6A22627B2812D1EA00F0A1D4 /* FacebookBasics */; };
		6A22627E2812D1EA00F0A1D4 /* FacebookCore in Frameworks */ = {isa = PBXBuildFile; productRef = 6A22627D2812D1EA00F0A1D4 /* FacebookCore */; };
		6A2262802812D1EA00F0A1D4 /* FacebookLogin in Frameworks */ = {isa = PBXBuildFile; productRef = 6A22627F2812D1EA00F0A1D4 /* FacebookLogin */; };
		6A235E0F28364B68004A20B6 /* TaskUnit+CoreDataClass.swift in Sources */ = {isa = PBXBuildFile; fileRef = 6A235E0B28364B68004A20B6 /* TaskUnit+CoreDataClass.swift */; };
		6A235E1028364B68004A20B6 /* TaskUnit+CoreDataProperties.swift in Sources */ = {isa = PBXBuildFile; fileRef = 6A235E0C28364B68004A20B6 /* TaskUnit+CoreDataProperties.swift */; };
		6A235E1128364B68004A20B6 /* ChecklistUnit+CoreDataClass.swift in Sources */ = {isa = PBXBuildFile; fileRef = 6A235E0D28364B68004A20B6 /* ChecklistUnit+CoreDataClass.swift */; };
		6A235E1228364B68004A20B6 /* ChecklistUnit+CoreDataProperties.swift in Sources */ = {isa = PBXBuildFile; fileRef = 6A235E0E28364B68004A20B6 /* ChecklistUnit+CoreDataProperties.swift */; };
		6A31ED34282B6BFF00AD0CDA /* ChecklistTableViewCell.swift in Sources */ = {isa = PBXBuildFile; fileRef = 6A31ED33282B6BFF00AD0CDA /* ChecklistTableViewCell.swift */; };
		6A4D9208283FDF20005FFECE /* CreateTaskViewController.swift in Sources */ = {isa = PBXBuildFile; fileRef = 6A4D9207283FDF20005FFECE /* CreateTaskViewController.swift */; };
		6A5913E228043C8500FA5276 /* AppDelegate.swift in Sources */ = {isa = PBXBuildFile; fileRef = 6A5913E128043C8500FA5276 /* AppDelegate.swift */; };
		6A5913E428043C8500FA5276 /* SceneDelegate.swift in Sources */ = {isa = PBXBuildFile; fileRef = 6A5913E328043C8500FA5276 /* SceneDelegate.swift */; };
		6A5913E628043C8500FA5276 /* ViewController.swift in Sources */ = {isa = PBXBuildFile; fileRef = 6A5913E528043C8500FA5276 /* ViewController.swift */; };
		6A5913E928043C8500FA5276 /* Main.storyboard in Resources */ = {isa = PBXBuildFile; fileRef = 6A5913E728043C8500FA5276 /* Main.storyboard */; };
		6A5913EB28043C8700FA5276 /* Assets.xcassets in Resources */ = {isa = PBXBuildFile; fileRef = 6A5913EA28043C8700FA5276 /* Assets.xcassets */; };
		6A5913EE28043C8700FA5276 /* LaunchScreen.storyboard in Resources */ = {isa = PBXBuildFile; fileRef = 6A5913EC28043C8700FA5276 /* LaunchScreen.storyboard */; };
		6A5913F828052C1400FA5276 /* OnboardingViewController.swift in Sources */ = {isa = PBXBuildFile; fileRef = 6A5913F728052C1400FA5276 /* OnboardingViewController.swift */; };
		6A5913FB28052D2800FA5276 /* OnboardingPage.swift in Sources */ = {isa = PBXBuildFile; fileRef = 6A5913FA28052D2800FA5276 /* OnboardingPage.swift */; };
		6A5913FD2805332F00FA5276 /* OnboardingCollectionViewCell.swift in Sources */ = {isa = PBXBuildFile; fileRef = 6A5913FC2805332F00FA5276 /* OnboardingCollectionViewCell.swift */; };
		6A690061281FB83400097403 /* Hover in Frameworks */ = {isa = PBXBuildFile; productRef = 6A690060281FB83400097403 /* Hover */; };
		6A6F265D285215E900C4C9EB /* AboutTableViewController.swift in Sources */ = {isa = PBXBuildFile; fileRef = 6A6F265C285215E900C4C9EB /* AboutTableViewController.swift */; };
		6A6F265F28521BF400C4C9EB /* GalleryViewController.swift in Sources */ = {isa = PBXBuildFile; fileRef = 6A6F265E28521BF400C4C9EB /* GalleryViewController.swift */; };
		6A7CB34628295F8300F2F573 /* MulticastDelegate.swift in Sources */ = {isa = PBXBuildFile; fileRef = 6A7CB34528295F8300F2F573 /* MulticastDelegate.swift */; };
		6A7CB3482829600200F2F573 /* DatabaseProtocol.swift in Sources */ = {isa = PBXBuildFile; fileRef = 6A7CB3472829600200F2F573 /* DatabaseProtocol.swift */; };
		6A7CB3632829683E00F2F573 /* TaskIT-Model.xcdatamodeld in Sources */ = {isa = PBXBuildFile; fileRef = 6A7CB3612829683E00F2F573 /* TaskIT-Model.xcdatamodeld */; };
		6A7CB373282A0D0700F2F573 /* CoreDataController.swift in Sources */ = {isa = PBXBuildFile; fileRef = 6A7CB372282A0D0600F2F573 /* CoreDataController.swift */; };
		6A7CB37D282A206E00F2F573 /* MyTabBarController.swift in Sources */ = {isa = PBXBuildFile; fileRef = 6A7CB37C282A206D00F2F573 /* MyTabBarController.swift */; };
		6A7CB37F282A452300F2F573 /* ChecklistTaskViewController.swift in Sources */ = {isa = PBXBuildFile; fileRef = 6A7CB37E282A452100F2F573 /* ChecklistTaskViewController.swift */; };
		6A8940B42830DD81007D794E /* TaskCollectionViewCell.swift in Sources */ = {isa = PBXBuildFile; fileRef = 6A8940B32830DD81007D794E /* TaskCollectionViewCell.swift */; };
		6A8940B62831194B007D794E /* ChecklistTaskCollectionViewCell.swift in Sources */ = {isa = PBXBuildFile; fileRef = 6A8940B52831194B007D794E /* ChecklistTaskCollectionViewCell.swift */; };
		6A8940B82831418D007D794E /* ChecklistHomeTableViewCell.swift in Sources */ = {isa = PBXBuildFile; fileRef = 6A8940B72831418D007D794E /* ChecklistHomeTableViewCell.swift */; };
		6A9F95F0283BDFA7002935A8 /* ReminderViewController.swift in Sources */ = {isa = PBXBuildFile; fileRef = 6A9F95EF283BDFA6002935A8 /* ReminderViewController.swift */; };
		6AA8F6FE280D3CAC00106983 /* SignupViewController.swift in Sources */ = {isa = PBXBuildFile; fileRef = 6AA8F6FD280D3CAC00106983 /* SignupViewController.swift */; };
		6AA8F701280D5FBC00106983 /* LoginViewController.swift in Sources */ = {isa = PBXBuildFile; fileRef = 6AA8F700280D5FBC00106983 /* LoginViewController.swift */; };
		6AB4E371283DFD8200CBF738 /* SettingsViewController.swift in Sources */ = {isa = PBXBuildFile; fileRef = 6AB4E370283DFD8200CBF738 /* SettingsViewController.swift */; };
		6AB4E374283E1C0800CBF738 /* QuoteData.swift in Sources */ = {isa = PBXBuildFile; fileRef = 6AB4E373283E1C0800CBF738 /* QuoteData.swift */; };
		6ABA5E6328178E4C001E007C /* MainNavigationController.swift in Sources */ = {isa = PBXBuildFile; fileRef = 6ABA5E6228178E4C001E007C /* MainNavigationController.swift */; };
		6AD5654C282B66E700A6F637 /* Checkbox.swift in Sources */ = {isa = PBXBuildFile; fileRef = 6AD5654B282B66E600A6F637 /* Checkbox.swift */; };
		6AD5C23C282CE0EE00236AAE /* TaskItem.swift in Sources */ = {isa = PBXBuildFile; fileRef = 6AD5C23B282CE0EE00236AAE /* TaskItem.swift */; };
		6AD5C23E282CE1AC00236AAE /* ChecklistItem.swift in Sources */ = {isa = PBXBuildFile; fileRef = 6AD5C23D282CE1AC00236AAE /* ChecklistItem.swift */; };
/* End PBXBuildFile section */

/* Begin PBXFileReference section */
		6A20902C281E656B00EDEEC2 /* HomeViewController.swift */ = {isa = PBXFileReference; lastKnownFileType = sourcecode.swift; path = HomeViewController.swift; sourceTree = "<group>"; };
		6A21C62D28128CEE00A452A9 /* GoogleService-Info.plist */ = {isa = PBXFileReference; fileEncoding = 4; lastKnownFileType = text.plist.xml; path = "GoogleService-Info.plist"; sourceTree = "<group>"; };
		6A2262792812D04800F0A1D4 /* TaskIT.entitlements */ = {isa = PBXFileReference; lastKnownFileType = text.plist.entitlements; path = TaskIT.entitlements; sourceTree = "<group>"; };
		6A235E0B28364B68004A20B6 /* TaskUnit+CoreDataClass.swift */ = {isa = PBXFileReference; lastKnownFileType = sourcecode.swift; path = "TaskUnit+CoreDataClass.swift"; sourceTree = SOURCE_ROOT; };
		6A235E0C28364B68004A20B6 /* TaskUnit+CoreDataProperties.swift */ = {isa = PBXFileReference; lastKnownFileType = sourcecode.swift; path = "TaskUnit+CoreDataProperties.swift"; sourceTree = SOURCE_ROOT; };
		6A235E0D28364B68004A20B6 /* ChecklistUnit+CoreDataClass.swift */ = {isa = PBXFileReference; lastKnownFileType = sourcecode.swift; path = "ChecklistUnit+CoreDataClass.swift"; sourceTree = SOURCE_ROOT; };
		6A235E0E28364B68004A20B6 /* ChecklistUnit+CoreDataProperties.swift */ = {isa = PBXFileReference; lastKnownFileType = sourcecode.swift; path = "ChecklistUnit+CoreDataProperties.swift"; sourceTree = SOURCE_ROOT; };
		6A31ED33282B6BFF00AD0CDA /* ChecklistTableViewCell.swift */ = {isa = PBXFileReference; lastKnownFileType = sourcecode.swift; path = ChecklistTableViewCell.swift; sourceTree = "<group>"; };
		6A4D9207283FDF20005FFECE /* CreateTaskViewController.swift */ = {isa = PBXFileReference; lastKnownFileType = sourcecode.swift; path = CreateTaskViewController.swift; sourceTree = "<group>"; };
		6A5913DE28043C8500FA5276 /* TaskIT.app */ = {isa = PBXFileReference; explicitFileType = wrapper.application; includeInIndex = 0; path = TaskIT.app; sourceTree = BUILT_PRODUCTS_DIR; };
		6A5913E128043C8500FA5276 /* AppDelegate.swift */ = {isa = PBXFileReference; lastKnownFileType = sourcecode.swift; path = AppDelegate.swift; sourceTree = "<group>"; };
		6A5913E328043C8500FA5276 /* SceneDelegate.swift */ = {isa = PBXFileReference; lastKnownFileType = sourcecode.swift; path = SceneDelegate.swift; sourceTree = "<group>"; };
		6A5913E528043C8500FA5276 /* ViewController.swift */ = {isa = PBXFileReference; lastKnownFileType = sourcecode.swift; path = ViewController.swift; sourceTree = "<group>"; };
		6A5913E828043C8500FA5276 /* Base */ = {isa = PBXFileReference; lastKnownFileType = file.storyboard; name = Base; path = Base.lproj/Main.storyboard; sourceTree = "<group>"; };
		6A5913EA28043C8700FA5276 /* Assets.xcassets */ = {isa = PBXFileReference; lastKnownFileType = folder.assetcatalog; path = Assets.xcassets; sourceTree = "<group>"; };
		6A5913ED28043C8700FA5276 /* Base */ = {isa = PBXFileReference; lastKnownFileType = file.storyboard; name = Base; path = Base.lproj/LaunchScreen.storyboard; sourceTree = "<group>"; };
		6A5913EF28043C8700FA5276 /* Info.plist */ = {isa = PBXFileReference; lastKnownFileType = text.plist.xml; path = Info.plist; sourceTree = "<group>"; };
		6A5913F728052C1400FA5276 /* OnboardingViewController.swift */ = {isa = PBXFileReference; lastKnownFileType = sourcecode.swift; path = OnboardingViewController.swift; sourceTree = "<group>"; };
		6A5913FA28052D2800FA5276 /* OnboardingPage.swift */ = {isa = PBXFileReference; lastKnownFileType = sourcecode.swift; path = OnboardingPage.swift; sourceTree = "<group>"; };
		6A5913FC2805332F00FA5276 /* OnboardingCollectionViewCell.swift */ = {isa = PBXFileReference; lastKnownFileType = sourcecode.swift; path = OnboardingCollectionViewCell.swift; sourceTree = "<group>"; };
		6A6F265C285215E900C4C9EB /* AboutTableViewController.swift */ = {isa = PBXFileReference; lastKnownFileType = sourcecode.swift; path = AboutTableViewController.swift; sourceTree = "<group>"; };
		6A6F265E28521BF400C4C9EB /* GalleryViewController.swift */ = {isa = PBXFileReference; lastKnownFileType = sourcecode.swift; path = GalleryViewController.swift; sourceTree = "<group>"; };
		6A7CB34528295F8300F2F573 /* MulticastDelegate.swift */ = {isa = PBXFileReference; lastKnownFileType = sourcecode.swift; path = MulticastDelegate.swift; sourceTree = "<group>"; };
		6A7CB3472829600200F2F573 /* DatabaseProtocol.swift */ = {isa = PBXFileReference; lastKnownFileType = sourcecode.swift; path = DatabaseProtocol.swift; sourceTree = "<group>"; };
		6A7CB3622829683E00F2F573 /* TaskIT-Model.xcdatamodel */ = {isa = PBXFileReference; lastKnownFileType = wrapper.xcdatamodel; path = "TaskIT-Model.xcdatamodel"; sourceTree = "<group>"; };
		6A7CB372282A0D0600F2F573 /* CoreDataController.swift */ = {isa = PBXFileReference; lastKnownFileType = sourcecode.swift; path = CoreDataController.swift; sourceTree = "<group>"; };
		6A7CB37C282A206D00F2F573 /* MyTabBarController.swift */ = {isa = PBXFileReference; lastKnownFileType = sourcecode.swift; path = MyTabBarController.swift; sourceTree = "<group>"; };
		6A7CB37E282A452100F2F573 /* ChecklistTaskViewController.swift */ = {isa = PBXFileReference; lastKnownFileType = sourcecode.swift; path = ChecklistTaskViewController.swift; sourceTree = "<group>"; };
		6A8940B32830DD81007D794E /* TaskCollectionViewCell.swift */ = {isa = PBXFileReference; lastKnownFileType = sourcecode.swift; path = TaskCollectionViewCell.swift; sourceTree = "<group>"; };
		6A8940B52831194B007D794E /* ChecklistTaskCollectionViewCell.swift */ = {isa = PBXFileReference; lastKnownFileType = sourcecode.swift; path = ChecklistTaskCollectionViewCell.swift; sourceTree = "<group>"; };
		6A8940B72831418D007D794E /* ChecklistHomeTableViewCell.swift */ = {isa = PBXFileReference; lastKnownFileType = sourcecode.swift; path = ChecklistHomeTableViewCell.swift; sourceTree = "<group>"; };
		6A9F95EF283BDFA6002935A8 /* ReminderViewController.swift */ = {isa = PBXFileReference; lastKnownFileType = sourcecode.swift; path = ReminderViewController.swift; sourceTree = "<group>"; };
		6AA8F6FD280D3CAC00106983 /* SignupViewController.swift */ = {isa = PBXFileReference; lastKnownFileType = sourcecode.swift; path = SignupViewController.swift; sourceTree = "<group>"; };
		6AA8F700280D5FBC00106983 /* LoginViewController.swift */ = {isa = PBXFileReference; lastKnownFileType = sourcecode.swift; path = LoginViewController.swift; sourceTree = "<group>"; };
		6AB4E370283DFD8200CBF738 /* SettingsViewController.swift */ = {isa = PBXFileReference; lastKnownFileType = sourcecode.swift; path = SettingsViewController.swift; sourceTree = "<group>"; };
		6AB4E373283E1C0800CBF738 /* QuoteData.swift */ = {isa = PBXFileReference; lastKnownFileType = sourcecode.swift; path = QuoteData.swift; sourceTree = "<group>"; };
		6ABA5E6228178E4C001E007C /* MainNavigationController.swift */ = {isa = PBXFileReference; lastKnownFileType = sourcecode.swift; path = MainNavigationController.swift; sourceTree = "<group>"; };
		6AD5654B282B66E600A6F637 /* Checkbox.swift */ = {isa = PBXFileReference; lastKnownFileType = sourcecode.swift; path = Checkbox.swift; sourceTree = "<group>"; };
		6AD5C23B282CE0EE00236AAE /* TaskItem.swift */ = {isa = PBXFileReference; lastKnownFileType = sourcecode.swift; path = TaskItem.swift; sourceTree = "<group>"; };
		6AD5C23D282CE1AC00236AAE /* ChecklistItem.swift */ = {isa = PBXFileReference; lastKnownFileType = sourcecode.swift; path = ChecklistItem.swift; sourceTree = "<group>"; };
/* End PBXFileReference section */

/* Begin PBXFrameworksBuildPhase section */
		6A5913DB28043C8500FA5276 /* Frameworks */ = {
			isa = PBXFrameworksBuildPhase;
			buildActionMask = 2147483647;
			files = (
				6A21C65B28128E2800A452A9 /* FirebasePerformance in Frameworks */,
				6A22627E2812D1EA00F0A1D4 /* FacebookCore in Frameworks */,
				6A21C64928128E2800A452A9 /* FirebaseFirestoreCombine-Community in Frameworks */,
				6A21C64328128E2800A452A9 /* FirebaseDatabaseSwift-Beta in Frameworks */,
				6A21C66128128E2800A452A9 /* FirebaseStorage in Frameworks */,
				6A21C64528128E2800A452A9 /* FirebaseDynamicLinks in Frameworks */,
				6A21C66528128E2800A452A9 /* FirebaseStorageSwift-Beta in Frameworks */,
				6A2262802812D1EA00F0A1D4 /* FacebookLogin in Frameworks */,
				6A21C63728128E2800A452A9 /* FirebaseAppCheck in Frameworks */,
				6A690061281FB83400097403 /* Hover in Frameworks */,
				6A21C63B28128E2800A452A9 /* FirebaseAuth in Frameworks */,
				6A21C63328128E2800A452A9 /* FirebaseAnalyticsSwift-Beta in Frameworks */,
				6A21C65F28128E2800A452A9 /* FirebaseRemoteConfigSwift-Beta in Frameworks */,
				6A21C64728128E2800A452A9 /* FirebaseFirestore in Frameworks */,
				6A21C64F28128E2800A452A9 /* FirebaseFunctionsCombine-Community in Frameworks */,
				6A21C63928128E2800A452A9 /* FirebaseAppDistribution-Beta in Frameworks */,
				6A21C6682812A32C00A452A9 /* GoogleSignIn in Frameworks */,
				6A21C65928128E2800A452A9 /* FirebaseMessaging in Frameworks */,
				6A21C63528128E2800A452A9 /* FirebaseAnalyticsWithoutAdIdSupport in Frameworks */,
				6A21C64B28128E2800A452A9 /* FirebaseFirestoreSwift-Beta in Frameworks */,
				6A21C65328128E2800A452A9 /* FirebaseInAppMessaging-Beta in Frameworks */,
				6A21C66328128E2800A452A9 /* FirebaseStorageCombine-Community in Frameworks */,
				6A21C63F28128E2800A452A9 /* FirebaseCrashlytics in Frameworks */,
				6A22627C2812D1EA00F0A1D4 /* FacebookBasics in Frameworks */,
				6A21C64128128E2800A452A9 /* FirebaseDatabase in Frameworks */,
				6A21C65128128E2800A452A9 /* FirebaseFunctionsSwift-Beta in Frameworks */,
				6A21C64D28128E2800A452A9 /* FirebaseFunctions in Frameworks */,
				6A21C65D28128E2800A452A9 /* FirebaseRemoteConfig in Frameworks */,
				6A21C65528128E2800A452A9 /* FirebaseInAppMessagingSwift-Beta in Frameworks */,
				6A21C63D28128E2800A452A9 /* FirebaseAuthCombine-Community in Frameworks */,
				6A21C63128128E2700A452A9 /* FirebaseAnalytics in Frameworks */,
				6A00DD4F2823E4C7002D47DE /* Floaty in Frameworks */,
				6A21C65728128E2800A452A9 /* FirebaseInstallations in Frameworks */,
			);
			runOnlyForDeploymentPostprocessing = 0;
		};
/* End PBXFrameworksBuildPhase section */

/* Begin PBXGroup section */
		6A0F81CA282CE03000605F7F /* FirebaseDataModel */ = {
			isa = PBXGroup;
			children = (
				6AD5C23B282CE0EE00236AAE /* TaskItem.swift */,
				6AD5C23D282CE1AC00236AAE /* ChecklistItem.swift */,
			);
			path = FirebaseDataModel;
			sourceTree = "<group>";
		};
		6A20902B281E653100EDEEC2 /* Home */ = {
			isa = PBXGroup;
			children = (
				6A20902C281E656B00EDEEC2 /* HomeViewController.swift */,
			);
			path = Home;
			sourceTree = "<group>";
		};
		6A5913D528043C8500FA5276 = {
			isa = PBXGroup;
			children = (
				6A5913E028043C8500FA5276 /* TaskIT */,
				6A5913DF28043C8500FA5276 /* Products */,
			);
			sourceTree = "<group>";
		};
		6A5913DF28043C8500FA5276 /* Products */ = {
			isa = PBXGroup;
			children = (
				6A5913DE28043C8500FA5276 /* TaskIT.app */,
			);
			name = Products;
			sourceTree = "<group>";
		};
		6A5913E028043C8500FA5276 /* TaskIT */ = {
			isa = PBXGroup;
			children = (
				6A7CB34428295F5300F2F573 /* Database */,
				6A7CB334282906F900F2F573 /* DataModel */,
				6A2262792812D04800F0A1D4 /* TaskIT.entitlements */,
				6A5913F928052D0900FA5276 /* Models */,
				6A5913F528052BDB00FA5276 /* Screens */,
				6A5913E128043C8500FA5276 /* AppDelegate.swift */,
				6A5913E328043C8500FA5276 /* SceneDelegate.swift */,
				6A5913E528043C8500FA5276 /* ViewController.swift */,
				6A5913E728043C8500FA5276 /* Main.storyboard */,
				6A5913EA28043C8700FA5276 /* Assets.xcassets */,
				6A5913EC28043C8700FA5276 /* LaunchScreen.storyboard */,
				6A5913EF28043C8700FA5276 /* Info.plist */,
				6A21C62D28128CEE00A452A9 /* GoogleService-Info.plist */,
				6ABA5E6228178E4C001E007C /* MainNavigationController.swift */,
			);
			path = TaskIT;
			sourceTree = "<group>";
		};
		6A5913F528052BDB00FA5276 /* Screens */ = {
			isa = PBXGroup;
			children = (
				6A6F26602853629A00C4C9EB /* Gallery */,
				6A6F26592852148900C4C9EB /* About */,
				6A6E06AD284093D100830913 /* ChecklistTask */,
				6AB4E36F283DFD6C00CBF738 /* Settings */,
				6A9F95EE283BDF72002935A8 /* Reminder */,
				6AF52FA728239F6400EADB11 /* CreateTask */,
				6A20902B281E653100EDEEC2 /* Home */,
				6AA8F6FF280D5FA400106983 /* Login */,
				6AA8F6FC280D3C7700106983 /* Signup */,
				6A5913F628052BF000FA5276 /* Onboarding */,
			);
			path = Screens;
			sourceTree = "<group>";
		};
		6A5913F628052BF000FA5276 /* Onboarding */ = {
			isa = PBXGroup;
			children = (
				6A5913F728052C1400FA5276 /* OnboardingViewController.swift */,
				6A5913FC2805332F00FA5276 /* OnboardingCollectionViewCell.swift */,
			);
			path = Onboarding;
			sourceTree = "<group>";
		};
		6A5913F928052D0900FA5276 /* Models */ = {
			isa = PBXGroup;
			children = (
				6A5913FA28052D2800FA5276 /* OnboardingPage.swift */,
			);
			path = Models;
			sourceTree = "<group>";
		};
		6A6E06AD284093D100830913 /* ChecklistTask */ = {
			isa = PBXGroup;
			children = (
				6A8940B72831418D007D794E /* ChecklistHomeTableViewCell.swift */,
				6A7CB37E282A452100F2F573 /* ChecklistTaskViewController.swift */,
			);
			path = ChecklistTask;
			sourceTree = "<group>";
		};
		6A6F26592852148900C4C9EB /* About */ = {
			isa = PBXGroup;
			children = (
				6A6F265C285215E900C4C9EB /* AboutTableViewController.swift */,
			);
			path = About;
			sourceTree = "<group>";
		};
		6A6F26602853629A00C4C9EB /* Gallery */ = {
			isa = PBXGroup;
			children = (
				6A6F265E28521BF400C4C9EB /* GalleryViewController.swift */,
			);
			path = Gallery;
			sourceTree = "<group>";
		};
		6A7CB334282906F900F2F573 /* DataModel */ = {
			isa = PBXGroup;
			children = (
				6A235E0B28364B68004A20B6 /* TaskUnit+CoreDataClass.swift */,
				6A235E0C28364B68004A20B6 /* TaskUnit+CoreDataProperties.swift */,
				6A235E0D28364B68004A20B6 /* ChecklistUnit+CoreDataClass.swift */,
				6A235E0E28364B68004A20B6 /* ChecklistUnit+CoreDataProperties.swift */,
				6A0F81CA282CE03000605F7F /* FirebaseDataModel */,
				6A7CB3612829683E00F2F573 /* TaskIT-Model.xcdatamodeld */,
			);
			path = DataModel;
			sourceTree = "<group>";
		};
		6A7CB34428295F5300F2F573 /* Database */ = {
			isa = PBXGroup;
			children = (
				6A7CB34528295F8300F2F573 /* MulticastDelegate.swift */,
				6A7CB3472829600200F2F573 /* DatabaseProtocol.swift */,
				6A7CB372282A0D0600F2F573 /* CoreDataController.swift */,
			);
			path = Database;
			sourceTree = "<group>";
		};
		6A9F95EE283BDF72002935A8 /* Reminder */ = {
			isa = PBXGroup;
			children = (
				6A9F95EF283BDFA6002935A8 /* ReminderViewController.swift */,
			);
			path = Reminder;
			sourceTree = "<group>";
		};
		6AA8F6FC280D3C7700106983 /* Signup */ = {
			isa = PBXGroup;
			children = (
				6AA8F6FD280D3CAC00106983 /* SignupViewController.swift */,
			);
			path = Signup;
			sourceTree = "<group>";
		};
		6AA8F6FF280D5FA400106983 /* Login */ = {
			isa = PBXGroup;
			children = (
				6AA8F700280D5FBC00106983 /* LoginViewController.swift */,
			);
			path = Login;
			sourceTree = "<group>";
		};
		6AB4E36F283DFD6C00CBF738 /* Settings */ = {
			isa = PBXGroup;
			children = (
				6AB4E372283E1BD500CBF738 /* ApiData */,
				6AB4E370283DFD8200CBF738 /* SettingsViewController.swift */,
			);
			path = Settings;
			sourceTree = "<group>";
		};
		6AB4E372283E1BD500CBF738 /* ApiData */ = {
			isa = PBXGroup;
			children = (
				6AB4E373283E1C0800CBF738 /* QuoteData.swift */,
			);
			path = ApiData;
			sourceTree = "<group>";
		};
		6AD5654A282B66B500A6F637 /* CustomViews */ = {
			isa = PBXGroup;
			children = (
				6AD5654B282B66E600A6F637 /* Checkbox.swift */,
				6A31ED33282B6BFF00AD0CDA /* ChecklistTableViewCell.swift */,
				6A8940B32830DD81007D794E /* TaskCollectionViewCell.swift */,
				6A8940B52831194B007D794E /* ChecklistTaskCollectionViewCell.swift */,
			);
			path = CustomViews;
			sourceTree = "<group>";
		};
		6AF52FA728239F6400EADB11 /* CreateTask */ = {
			isa = PBXGroup;
			children = (
				6AD5654A282B66B500A6F637 /* CustomViews */,
				6A7CB37C282A206D00F2F573 /* MyTabBarController.swift */,
				6A4D9207283FDF20005FFECE /* CreateTaskViewController.swift */,
			);
			path = CreateTask;
			sourceTree = "<group>";
		};
/* End PBXGroup section */

/* Begin PBXNativeTarget section */
		6A5913DD28043C8500FA5276 /* TaskIT */ = {
			isa = PBXNativeTarget;
			buildConfigurationList = 6A5913F228043C8700FA5276 /* Build configuration list for PBXNativeTarget "TaskIT" */;
			buildPhases = (
				6A5913DA28043C8500FA5276 /* Sources */,
				6A5913DB28043C8500FA5276 /* Frameworks */,
				6A5913DC28043C8500FA5276 /* Resources */,
			);
			buildRules = (
			);
			dependencies = (
			);
			name = TaskIT;
			packageProductDependencies = (
				6A21C63028128E2700A452A9 /* FirebaseAnalytics */,
				6A21C63228128E2800A452A9 /* FirebaseAnalyticsSwift-Beta */,
				6A21C63428128E2800A452A9 /* FirebaseAnalyticsWithoutAdIdSupport */,
				6A21C63628128E2800A452A9 /* FirebaseAppCheck */,
				6A21C63828128E2800A452A9 /* FirebaseAppDistribution-Beta */,
				6A21C63A28128E2800A452A9 /* FirebaseAuth */,
				6A21C63C28128E2800A452A9 /* FirebaseAuthCombine-Community */,
				6A21C63E28128E2800A452A9 /* FirebaseCrashlytics */,
				6A21C64028128E2800A452A9 /* FirebaseDatabase */,
				6A21C64228128E2800A452A9 /* FirebaseDatabaseSwift-Beta */,
				6A21C64428128E2800A452A9 /* FirebaseDynamicLinks */,
				6A21C64628128E2800A452A9 /* FirebaseFirestore */,
				6A21C64828128E2800A452A9 /* FirebaseFirestoreCombine-Community */,
				6A21C64A28128E2800A452A9 /* FirebaseFirestoreSwift-Beta */,
				6A21C64C28128E2800A452A9 /* FirebaseFunctions */,
				6A21C64E28128E2800A452A9 /* FirebaseFunctionsCombine-Community */,
				6A21C65028128E2800A452A9 /* FirebaseFunctionsSwift-Beta */,
				6A21C65228128E2800A452A9 /* FirebaseInAppMessaging-Beta */,
				6A21C65428128E2800A452A9 /* FirebaseInAppMessagingSwift-Beta */,
				6A21C65628128E2800A452A9 /* FirebaseInstallations */,
				6A21C65828128E2800A452A9 /* FirebaseMessaging */,
				6A21C65A28128E2800A452A9 /* FirebasePerformance */,
				6A21C65C28128E2800A452A9 /* FirebaseRemoteConfig */,
				6A21C65E28128E2800A452A9 /* FirebaseRemoteConfigSwift-Beta */,
				6A21C66028128E2800A452A9 /* FirebaseStorage */,
				6A21C66228128E2800A452A9 /* FirebaseStorageCombine-Community */,
				6A21C66428128E2800A452A9 /* FirebaseStorageSwift-Beta */,
				6A21C6672812A32C00A452A9 /* GoogleSignIn */,
				6A22627B2812D1EA00F0A1D4 /* FacebookBasics */,
				6A22627D2812D1EA00F0A1D4 /* FacebookCore */,
				6A22627F2812D1EA00F0A1D4 /* FacebookLogin */,
				6A690060281FB83400097403 /* Hover */,
				6A00DD4E2823E4C7002D47DE /* Floaty */,
			);
			productName = TaskIT;
			productReference = 6A5913DE28043C8500FA5276 /* TaskIT.app */;
			productType = "com.apple.product-type.application";
		};
/* End PBXNativeTarget section */

/* Begin PBXProject section */
		6A5913D628043C8500FA5276 /* Project object */ = {
			isa = PBXProject;
			attributes = {
				BuildIndependentTargetsInParallel = 1;
				LastSwiftUpdateCheck = 1320;
				LastUpgradeCheck = 1320;
				TargetAttributes = {
					6A5913DD28043C8500FA5276 = {
						CreatedOnToolsVersion = 13.2.1;
					};
				};
			};
			buildConfigurationList = 6A5913D928043C8500FA5276 /* Build configuration list for PBXProject "TaskIT" */;
			compatibilityVersion = "Xcode 13.0";
			developmentRegion = en;
			hasScannedForEncodings = 0;
			knownRegions = (
				en,
				Base,
			);
			mainGroup = 6A5913D528043C8500FA5276;
			packageReferences = (
				6A21C62F28128E2700A452A9 /* XCRemoteSwiftPackageReference "firebase-ios-sdk" */,
				6A21C6662812A32B00A452A9 /* XCRemoteSwiftPackageReference "GoogleSignIn-iOS" */,
				6A22627A2812D1EA00F0A1D4 /* XCRemoteSwiftPackageReference "facebook-ios-sdk" */,
				6A69005F281FB83200097403 /* XCRemoteSwiftPackageReference "Hover" */,
				6A00DD4D2823E4C6002D47DE /* XCRemoteSwiftPackageReference "Floaty" */,
			);
			productRefGroup = 6A5913DF28043C8500FA5276 /* Products */;
			projectDirPath = "";
			projectRoot = "";
			targets = (
				6A5913DD28043C8500FA5276 /* TaskIT */,
			);
		};
/* End PBXProject section */

/* Begin PBXResourcesBuildPhase section */
		6A5913DC28043C8500FA5276 /* Resources */ = {
			isa = PBXResourcesBuildPhase;
			buildActionMask = 2147483647;
			files = (
				6A5913EE28043C8700FA5276 /* LaunchScreen.storyboard in Resources */,
				6A21C62E28128CEE00A452A9 /* GoogleService-Info.plist in Resources */,
				6A5913EB28043C8700FA5276 /* Assets.xcassets in Resources */,
				6A5913E928043C8500FA5276 /* Main.storyboard in Resources */,
			);
			runOnlyForDeploymentPostprocessing = 0;
		};
/* End PBXResourcesBuildPhase section */

/* Begin PBXSourcesBuildPhase section */
		6A5913DA28043C8500FA5276 /* Sources */ = {
			isa = PBXSourcesBuildPhase;
			buildActionMask = 2147483647;
			files = (
				6ABA5E6328178E4C001E007C /* MainNavigationController.swift in Sources */,
				6A6F265F28521BF400C4C9EB /* GalleryViewController.swift in Sources */,
				6A8940B62831194B007D794E /* ChecklistTaskCollectionViewCell.swift in Sources */,
				6A4D9208283FDF20005FFECE /* CreateTaskViewController.swift in Sources */,
				6A5913E628043C8500FA5276 /* ViewController.swift in Sources */,
				6A7CB34628295F8300F2F573 /* MulticastDelegate.swift in Sources */,
				6A235E1128364B68004A20B6 /* ChecklistUnit+CoreDataClass.swift in Sources */,
				6A7CB3632829683E00F2F573 /* TaskIT-Model.xcdatamodeld in Sources */,
				6AD5654C282B66E700A6F637 /* Checkbox.swift in Sources */,
				6AB4E371283DFD8200CBF738 /* SettingsViewController.swift in Sources */,
				6A235E0F28364B68004A20B6 /* TaskUnit+CoreDataClass.swift in Sources */,
				6A8940B42830DD81007D794E /* TaskCollectionViewCell.swift in Sources */,
				6A8940B82831418D007D794E /* ChecklistHomeTableViewCell.swift in Sources */,
				6A235E1028364B68004A20B6 /* TaskUnit+CoreDataProperties.swift in Sources */,
				6AA8F6FE280D3CAC00106983 /* SignupViewController.swift in Sources */,
				6A6F265D285215E900C4C9EB /* AboutTableViewController.swift in Sources */,
				6A235E1228364B68004A20B6 /* ChecklistUnit+CoreDataProperties.swift in Sources */,
				6A5913E228043C8500FA5276 /* AppDelegate.swift in Sources */,
				6A7CB3482829600200F2F573 /* DatabaseProtocol.swift in Sources */,
				6A7CB37D282A206E00F2F573 /* MyTabBarController.swift in Sources */,
				6A9F95F0283BDFA7002935A8 /* ReminderViewController.swift in Sources */,
				6A5913E428043C8500FA5276 /* SceneDelegate.swift in Sources */,
				6A20902D281E656B00EDEEC2 /* HomeViewController.swift in Sources */,
				6A7CB37F282A452300F2F573 /* ChecklistTaskViewController.swift in Sources */,
				6A31ED34282B6BFF00AD0CDA /* ChecklistTableViewCell.swift in Sources */,
				6AA8F701280D5FBC00106983 /* LoginViewController.swift in Sources */,
				6A5913F828052C1400FA5276 /* OnboardingViewController.swift in Sources */,
				6AD5C23E282CE1AC00236AAE /* ChecklistItem.swift in Sources */,
				6A5913FB28052D2800FA5276 /* OnboardingPage.swift in Sources */,
				6A7CB373282A0D0700F2F573 /* CoreDataController.swift in Sources */,
				6AB4E374283E1C0800CBF738 /* QuoteData.swift in Sources */,
				6AD5C23C282CE0EE00236AAE /* TaskItem.swift in Sources */,
				6A5913FD2805332F00FA5276 /* OnboardingCollectionViewCell.swift in Sources */,
			);
			runOnlyForDeploymentPostprocessing = 0;
		};
/* End PBXSourcesBuildPhase section */

/* Begin PBXVariantGroup section */
		6A5913E728043C8500FA5276 /* Main.storyboard */ = {
			isa = PBXVariantGroup;
			children = (
				6A5913E828043C8500FA5276 /* Base */,
			);
			name = Main.storyboard;
			sourceTree = "<group>";
		};
		6A5913EC28043C8700FA5276 /* LaunchScreen.storyboard */ = {
			isa = PBXVariantGroup;
			children = (
				6A5913ED28043C8700FA5276 /* Base */,
			);
			name = LaunchScreen.storyboard;
			sourceTree = "<group>";
		};
/* End PBXVariantGroup section */

/* Begin XCBuildConfiguration section */
		6A5913F028043C8700FA5276 /* Debug */ = {
			isa = XCBuildConfiguration;
			buildSettings = {
				ALWAYS_SEARCH_USER_PATHS = NO;
				CLANG_ANALYZER_NONNULL = YES;
				CLANG_ANALYZER_NUMBER_OBJECT_CONVERSION = YES_AGGRESSIVE;
				CLANG_CXX_LANGUAGE_STANDARD = "gnu++17";
				CLANG_CXX_LIBRARY = "libc++";
				CLANG_ENABLE_MODULES = YES;
				CLANG_ENABLE_OBJC_ARC = YES;
				CLANG_ENABLE_OBJC_WEAK = YES;
				CLANG_WARN_BLOCK_CAPTURE_AUTORELEASING = YES;
				CLANG_WARN_BOOL_CONVERSION = YES;
				CLANG_WARN_COMMA = YES;
				CLANG_WARN_CONSTANT_CONVERSION = YES;
				CLANG_WARN_DEPRECATED_OBJC_IMPLEMENTATIONS = YES;
				CLANG_WARN_DIRECT_OBJC_ISA_USAGE = YES_ERROR;
				CLANG_WARN_DOCUMENTATION_COMMENTS = YES;
				CLANG_WARN_EMPTY_BODY = YES;
				CLANG_WARN_ENUM_CONVERSION = YES;
				CLANG_WARN_INFINITE_RECURSION = YES;
				CLANG_WARN_INT_CONVERSION = YES;
				CLANG_WARN_NON_LITERAL_NULL_CONVERSION = YES;
				CLANG_WARN_OBJC_IMPLICIT_RETAIN_SELF = YES;
				CLANG_WARN_OBJC_LITERAL_CONVERSION = YES;
				CLANG_WARN_OBJC_ROOT_CLASS = YES_ERROR;
				CLANG_WARN_QUOTED_INCLUDE_IN_FRAMEWORK_HEADER = YES;
				CLANG_WARN_RANGE_LOOP_ANALYSIS = YES;
				CLANG_WARN_STRICT_PROTOTYPES = YES;
				CLANG_WARN_SUSPICIOUS_MOVE = YES;
				CLANG_WARN_UNGUARDED_AVAILABILITY = YES_AGGRESSIVE;
				CLANG_WARN_UNREACHABLE_CODE = YES;
				CLANG_WARN__DUPLICATE_METHOD_MATCH = YES;
				COPY_PHASE_STRIP = NO;
				DEBUG_INFORMATION_FORMAT = dwarf;
				ENABLE_STRICT_OBJC_MSGSEND = YES;
				ENABLE_TESTABILITY = YES;
				GCC_C_LANGUAGE_STANDARD = gnu11;
				GCC_DYNAMIC_NO_PIC = NO;
				GCC_NO_COMMON_BLOCKS = YES;
				GCC_OPTIMIZATION_LEVEL = 0;
				GCC_PREPROCESSOR_DEFINITIONS = (
					"DEBUG=1",
					"$(inherited)",
				);
				GCC_WARN_64_TO_32_BIT_CONVERSION = YES;
				GCC_WARN_ABOUT_RETURN_TYPE = YES_ERROR;
				GCC_WARN_UNDECLARED_SELECTOR = YES;
				GCC_WARN_UNINITIALIZED_AUTOS = YES_AGGRESSIVE;
				GCC_WARN_UNUSED_FUNCTION = YES;
				GCC_WARN_UNUSED_VARIABLE = YES;
				IPHONEOS_DEPLOYMENT_TARGET = 15.2;
				MTL_ENABLE_DEBUG_INFO = INCLUDE_SOURCE;
				MTL_FAST_MATH = YES;
				ONLY_ACTIVE_ARCH = YES;
				SDKROOT = iphoneos;
				SWIFT_ACTIVE_COMPILATION_CONDITIONS = DEBUG;
				SWIFT_OPTIMIZATION_LEVEL = "-Onone";
			};
			name = Debug;
		};
		6A5913F128043C8700FA5276 /* Release */ = {
			isa = XCBuildConfiguration;
			buildSettings = {
				ALWAYS_SEARCH_USER_PATHS = NO;
				CLANG_ANALYZER_NONNULL = YES;
				CLANG_ANALYZER_NUMBER_OBJECT_CONVERSION = YES_AGGRESSIVE;
				CLANG_CXX_LANGUAGE_STANDARD = "gnu++17";
				CLANG_CXX_LIBRARY = "libc++";
				CLANG_ENABLE_MODULES = YES;
				CLANG_ENABLE_OBJC_ARC = YES;
				CLANG_ENABLE_OBJC_WEAK = YES;
				CLANG_WARN_BLOCK_CAPTURE_AUTORELEASING = YES;
				CLANG_WARN_BOOL_CONVERSION = YES;
				CLANG_WARN_COMMA = YES;
				CLANG_WARN_CONSTANT_CONVERSION = YES;
				CLANG_WARN_DEPRECATED_OBJC_IMPLEMENTATIONS = YES;
				CLANG_WARN_DIRECT_OBJC_ISA_USAGE = YES_ERROR;
				CLANG_WARN_DOCUMENTATION_COMMENTS = YES;
				CLANG_WARN_EMPTY_BODY = YES;
				CLANG_WARN_ENUM_CONVERSION = YES;
				CLANG_WARN_INFINITE_RECURSION = YES;
				CLANG_WARN_INT_CONVERSION = YES;
				CLANG_WARN_NON_LITERAL_NULL_CONVERSION = YES;
				CLANG_WARN_OBJC_IMPLICIT_RETAIN_SELF = YES;
				CLANG_WARN_OBJC_LITERAL_CONVERSION = YES;
				CLANG_WARN_OBJC_ROOT_CLASS = YES_ERROR;
				CLANG_WARN_QUOTED_INCLUDE_IN_FRAMEWORK_HEADER = YES;
				CLANG_WARN_RANGE_LOOP_ANALYSIS = YES;
				CLANG_WARN_STRICT_PROTOTYPES = YES;
				CLANG_WARN_SUSPICIOUS_MOVE = YES;
				CLANG_WARN_UNGUARDED_AVAILABILITY = YES_AGGRESSIVE;
				CLANG_WARN_UNREACHABLE_CODE = YES;
				CLANG_WARN__DUPLICATE_METHOD_MATCH = YES;
				COPY_PHASE_STRIP = NO;
				DEBUG_INFORMATION_FORMAT = "dwarf-with-dsym";
				ENABLE_NS_ASSERTIONS = NO;
				ENABLE_STRICT_OBJC_MSGSEND = YES;
				GCC_C_LANGUAGE_STANDARD = gnu11;
				GCC_NO_COMMON_BLOCKS = YES;
				GCC_WARN_64_TO_32_BIT_CONVERSION = YES;
				GCC_WARN_ABOUT_RETURN_TYPE = YES_ERROR;
				GCC_WARN_UNDECLARED_SELECTOR = YES;
				GCC_WARN_UNINITIALIZED_AUTOS = YES_AGGRESSIVE;
				GCC_WARN_UNUSED_FUNCTION = YES;
				GCC_WARN_UNUSED_VARIABLE = YES;
				IPHONEOS_DEPLOYMENT_TARGET = 15.2;
				MTL_ENABLE_DEBUG_INFO = NO;
				MTL_FAST_MATH = YES;
				SDKROOT = iphoneos;
				SWIFT_COMPILATION_MODE = wholemodule;
				SWIFT_OPTIMIZATION_LEVEL = "-O";
				VALIDATE_PRODUCT = YES;
			};
			name = Release;
		};
		6A5913F328043C8700FA5276 /* Debug */ = {
			isa = XCBuildConfiguration;
			buildSettings = {
				ASSETCATALOG_COMPILER_APPICON_NAME = AppIcon;
				ASSETCATALOG_COMPILER_GLOBAL_ACCENT_COLOR_NAME = AccentColor;
				CODE_SIGN_ENTITLEMENTS = TaskIT/TaskIT.entitlements;
				CODE_SIGN_STYLE = Automatic;
				CURRENT_PROJECT_VERSION = 1;
				DEVELOPMENT_TEAM = SX2XX63LN3;
				GENERATE_INFOPLIST_FILE = YES;
				INFOPLIST_FILE = TaskIT/Info.plist;
				INFOPLIST_KEY_UIApplicationSupportsIndirectInputEvents = YES;
				INFOPLIST_KEY_UILaunchStoryboardName = LaunchScreen;
				INFOPLIST_KEY_UIMainStoryboardFile = Main;
				INFOPLIST_KEY_UISupportedInterfaceOrientations_iPad = "UIInterfaceOrientationPortrait UIInterfaceOrientationPortraitUpsideDown UIInterfaceOrientationLandscapeLeft UIInterfaceOrientationLandscapeRight";
				INFOPLIST_KEY_UISupportedInterfaceOrientations_iPhone = "UIInterfaceOrientationPortrait UIInterfaceOrientationLandscapeLeft UIInterfaceOrientationLandscapeRight";
				LD_RUNPATH_SEARCH_PATHS = (
					"$(inherited)",
					"@executable_path/Frameworks",
				);
				MARKETING_VERSION = 1.0;
				PRODUCT_BUNDLE_IDENTIFIER = edu.moansh.TaskIT;
				PRODUCT_NAME = "$(TARGET_NAME)";
				SWIFT_EMIT_LOC_STRINGS = YES;
				SWIFT_VERSION = 5.0;
				TARGETED_DEVICE_FAMILY = "1,2";
			};
			name = Debug;
		};
		6A5913F428043C8700FA5276 /* Release */ = {
			isa = XCBuildConfiguration;
			buildSettings = {
				ASSETCATALOG_COMPILER_APPICON_NAME = AppIcon;
				ASSETCATALOG_COMPILER_GLOBAL_ACCENT_COLOR_NAME = AccentColor;
				CODE_SIGN_ENTITLEMENTS = TaskIT/TaskIT.entitlements;
				CODE_SIGN_STYLE = Automatic;
				CURRENT_PROJECT_VERSION = 1;
				DEVELOPMENT_TEAM = SX2XX63LN3;
				GENERATE_INFOPLIST_FILE = YES;
				INFOPLIST_FILE = TaskIT/Info.plist;
				INFOPLIST_KEY_UIApplicationSupportsIndirectInputEvents = YES;
				INFOPLIST_KEY_UILaunchStoryboardName = LaunchScreen;
				INFOPLIST_KEY_UIMainStoryboardFile = Main;
				INFOPLIST_KEY_UISupportedInterfaceOrientations_iPad = "UIInterfaceOrientationPortrait UIInterfaceOrientationPortraitUpsideDown UIInterfaceOrientationLandscapeLeft UIInterfaceOrientationLandscapeRight";
				INFOPLIST_KEY_UISupportedInterfaceOrientations_iPhone = "UIInterfaceOrientationPortrait UIInterfaceOrientationLandscapeLeft UIInterfaceOrientationLandscapeRight";
				LD_RUNPATH_SEARCH_PATHS = (
					"$(inherited)",
					"@executable_path/Frameworks",
				);
				MARKETING_VERSION = 1.0;
				PRODUCT_BUNDLE_IDENTIFIER = edu.moansh.TaskIT;
				PRODUCT_NAME = "$(TARGET_NAME)";
				SWIFT_EMIT_LOC_STRINGS = YES;
				SWIFT_VERSION = 5.0;
				TARGETED_DEVICE_FAMILY = "1,2";
			};
			name = Release;
		};
/* End XCBuildConfiguration section */

/* Begin XCConfigurationList section */
		6A5913D928043C8500FA5276 /* Build configuration list for PBXProject "TaskIT" */ = {
			isa = XCConfigurationList;
			buildConfigurations = (
				6A5913F028043C8700FA5276 /* Debug */,
				6A5913F128043C8700FA5276 /* Release */,
			);
			defaultConfigurationIsVisible = 0;
			defaultConfigurationName = Release;
		};
		6A5913F228043C8700FA5276 /* Build configuration list for PBXNativeTarget "TaskIT" */ = {
			isa = XCConfigurationList;
			buildConfigurations = (
				6A5913F328043C8700FA5276 /* Debug */,
				6A5913F428043C8700FA5276 /* Release */,
			);
			defaultConfigurationIsVisible = 0;
			defaultConfigurationName = Release;
		};
/* End XCConfigurationList section */

/* Begin XCRemoteSwiftPackageReference section */
		6A00DD4D2823E4C6002D47DE /* XCRemoteSwiftPackageReference "Floaty" */ = {
			isa = XCRemoteSwiftPackageReference;
			repositoryURL = "https://github.com/kciter/Floaty.git";
			requirement = {
				branch = master;
				kind = branch;
			};
		};
		6A21C62F28128E2700A452A9 /* XCRemoteSwiftPackageReference "firebase-ios-sdk" */ = {
			isa = XCRemoteSwiftPackageReference;
			repositoryURL = "https://github.com/firebase/firebase-ios-sdk";
			requirement = {
				kind = upToNextMajorVersion;
				minimumVersion = 8.0.0;
			};
		};
		6A21C6662812A32B00A452A9 /* XCRemoteSwiftPackageReference "GoogleSignIn-iOS" */ = {
			isa = XCRemoteSwiftPackageReference;
			repositoryURL = "https://github.com/google/GoogleSignIn-iOS";
			requirement = {
				kind = upToNextMajorVersion;
				minimumVersion = 6.0.0;
			};
		};
		6A22627A2812D1EA00F0A1D4 /* XCRemoteSwiftPackageReference "facebook-ios-sdk" */ = {
			isa = XCRemoteSwiftPackageReference;
			repositoryURL = "https://github.com/facebook/facebook-ios-sdk";
			requirement = {
				branch = main;
				kind = branch;
			};
		};
		6A69005F281FB83200097403 /* XCRemoteSwiftPackageReference "Hover" */ = {
			isa = XCRemoteSwiftPackageReference;
			repositoryURL = "https://github.com/pedrommcarrasco/Hover.git";
			requirement = {
				branch = master;
				kind = branch;
			};
		};
/* End XCRemoteSwiftPackageReference section */

/* Begin XCSwiftPackageProductDependency section */
		6A00DD4E2823E4C7002D47DE /* Floaty */ = {
			isa = XCSwiftPackageProductDependency;
			package = 6A00DD4D2823E4C6002D47DE /* XCRemoteSwiftPackageReference "Floaty" */;
			productName = Floaty;
		};
		6A21C63028128E2700A452A9 /* FirebaseAnalytics */ = {
			isa = XCSwiftPackageProductDependency;
			package = 6A21C62F28128E2700A452A9 /* XCRemoteSwiftPackageReference "firebase-ios-sdk" */;
			productName = FirebaseAnalytics;
		};
		6A21C63228128E2800A452A9 /* FirebaseAnalyticsSwift-Beta */ = {
			isa = XCSwiftPackageProductDependency;
			package = 6A21C62F28128E2700A452A9 /* XCRemoteSwiftPackageReference "firebase-ios-sdk" */;
			productName = "FirebaseAnalyticsSwift-Beta";
		};
		6A21C63428128E2800A452A9 /* FirebaseAnalyticsWithoutAdIdSupport */ = {
			isa = XCSwiftPackageProductDependency;
			package = 6A21C62F28128E2700A452A9 /* XCRemoteSwiftPackageReference "firebase-ios-sdk" */;
			productName = FirebaseAnalyticsWithoutAdIdSupport;
		};
		6A21C63628128E2800A452A9 /* FirebaseAppCheck */ = {
			isa = XCSwiftPackageProductDependency;
			package = 6A21C62F28128E2700A452A9 /* XCRemoteSwiftPackageReference "firebase-ios-sdk" */;
			productName = FirebaseAppCheck;
		};
		6A21C63828128E2800A452A9 /* FirebaseAppDistribution-Beta */ = {
			isa = XCSwiftPackageProductDependency;
			package = 6A21C62F28128E2700A452A9 /* XCRemoteSwiftPackageReference "firebase-ios-sdk" */;
			productName = "FirebaseAppDistribution-Beta";
		};
		6A21C63A28128E2800A452A9 /* FirebaseAuth */ = {
			isa = XCSwiftPackageProductDependency;
			package = 6A21C62F28128E2700A452A9 /* XCRemoteSwiftPackageReference "firebase-ios-sdk" */;
			productName = FirebaseAuth;
		};
		6A21C63C28128E2800A452A9 /* FirebaseAuthCombine-Community */ = {
			isa = XCSwiftPackageProductDependency;
			package = 6A21C62F28128E2700A452A9 /* XCRemoteSwiftPackageReference "firebase-ios-sdk" */;
			productName = "FirebaseAuthCombine-Community";
		};
		6A21C63E28128E2800A452A9 /* FirebaseCrashlytics */ = {
			isa = XCSwiftPackageProductDependency;
			package = 6A21C62F28128E2700A452A9 /* XCRemoteSwiftPackageReference "firebase-ios-sdk" */;
			productName = FirebaseCrashlytics;
		};
		6A21C64028128E2800A452A9 /* FirebaseDatabase */ = {
			isa = XCSwiftPackageProductDependency;
			package = 6A21C62F28128E2700A452A9 /* XCRemoteSwiftPackageReference "firebase-ios-sdk" */;
			productName = FirebaseDatabase;
		};
		6A21C64228128E2800A452A9 /* FirebaseDatabaseSwift-Beta */ = {
			isa = XCSwiftPackageProductDependency;
			package = 6A21C62F28128E2700A452A9 /* XCRemoteSwiftPackageReference "firebase-ios-sdk" */;
			productName = "FirebaseDatabaseSwift-Beta";
		};
		6A21C64428128E2800A452A9 /* FirebaseDynamicLinks */ = {
			isa = XCSwiftPackageProductDependency;
			package = 6A21C62F28128E2700A452A9 /* XCRemoteSwiftPackageReference "firebase-ios-sdk" */;
			productName = FirebaseDynamicLinks;
		};
		6A21C64628128E2800A452A9 /* FirebaseFirestore */ = {
			isa = XCSwiftPackageProductDependency;
			package = 6A21C62F28128E2700A452A9 /* XCRemoteSwiftPackageReference "firebase-ios-sdk" */;
			productName = FirebaseFirestore;
		};
		6A21C64828128E2800A452A9 /* FirebaseFirestoreCombine-Community */ = {
			isa = XCSwiftPackageProductDependency;
			package = 6A21C62F28128E2700A452A9 /* XCRemoteSwiftPackageReference "firebase-ios-sdk" */;
			productName = "FirebaseFirestoreCombine-Community";
		};
		6A21C64A28128E2800A452A9 /* FirebaseFirestoreSwift-Beta */ = {
			isa = XCSwiftPackageProductDependency;
			package = 6A21C62F28128E2700A452A9 /* XCRemoteSwiftPackageReference "firebase-ios-sdk" */;
			productName = "FirebaseFirestoreSwift-Beta";
		};
		6A21C64C28128E2800A452A9 /* FirebaseFunctions */ = {
			isa = XCSwiftPackageProductDependency;
			package = 6A21C62F28128E2700A452A9 /* XCRemoteSwiftPackageReference "firebase-ios-sdk" */;
			productName = FirebaseFunctions;
		};
		6A21C64E28128E2800A452A9 /* FirebaseFunctionsCombine-Community */ = {
			isa = XCSwiftPackageProductDependency;
			package = 6A21C62F28128E2700A452A9 /* XCRemoteSwiftPackageReference "firebase-ios-sdk" */;
			productName = "FirebaseFunctionsCombine-Community";
		};
		6A21C65028128E2800A452A9 /* FirebaseFunctionsSwift-Beta */ = {
			isa = XCSwiftPackageProductDependency;
			package = 6A21C62F28128E2700A452A9 /* XCRemoteSwiftPackageReference "firebase-ios-sdk" */;
			productName = "FirebaseFunctionsSwift-Beta";
		};
		6A21C65228128E2800A452A9 /* FirebaseInAppMessaging-Beta */ = {
			isa = XCSwiftPackageProductDependency;
			package = 6A21C62F28128E2700A452A9 /* XCRemoteSwiftPackageReference "firebase-ios-sdk" */;
			productName = "FirebaseInAppMessaging-Beta";
		};
		6A21C65428128E2800A452A9 /* FirebaseInAppMessagingSwift-Beta */ = {
			isa = XCSwiftPackageProductDependency;
			package = 6A21C62F28128E2700A452A9 /* XCRemoteSwiftPackageReference "firebase-ios-sdk" */;
			productName = "FirebaseInAppMessagingSwift-Beta";
		};
		6A21C65628128E2800A452A9 /* FirebaseInstallations */ = {
			isa = XCSwiftPackageProductDependency;
			package = 6A21C62F28128E2700A452A9 /* XCRemoteSwiftPackageReference "firebase-ios-sdk" */;
			productName = FirebaseInstallations;
		};
		6A21C65828128E2800A452A9 /* FirebaseMessaging */ = {
			isa = XCSwiftPackageProductDependency;
			package = 6A21C62F28128E2700A452A9 /* XCRemoteSwiftPackageReference "firebase-ios-sdk" */;
			productName = FirebaseMessaging;
		};
		6A21C65A28128E2800A452A9 /* FirebasePerformance */ = {
			isa = XCSwiftPackageProductDependency;
			package = 6A21C62F28128E2700A452A9 /* XCRemoteSwiftPackageReference "firebase-ios-sdk" */;
			productName = FirebasePerformance;
		};
		6A21C65C28128E2800A452A9 /* FirebaseRemoteConfig */ = {
			isa = XCSwiftPackageProductDependency;
			package = 6A21C62F28128E2700A452A9 /* XCRemoteSwiftPackageReference "firebase-ios-sdk" */;
			productName = FirebaseRemoteConfig;
		};
		6A21C65E28128E2800A452A9 /* FirebaseRemoteConfigSwift-Beta */ = {
			isa = XCSwiftPackageProductDependency;
			package = 6A21C62F28128E2700A452A9 /* XCRemoteSwiftPackageReference "firebase-ios-sdk" */;
			productName = "FirebaseRemoteConfigSwift-Beta";
		};
		6A21C66028128E2800A452A9 /* FirebaseStorage */ = {
			isa = XCSwiftPackageProductDependency;
			package = 6A21C62F28128E2700A452A9 /* XCRemoteSwiftPackageReference "firebase-ios-sdk" */;
			productName = FirebaseStorage;
		};
		6A21C66228128E2800A452A9 /* FirebaseStorageCombine-Community */ = {
			isa = XCSwiftPackageProductDependency;
			package = 6A21C62F28128E2700A452A9 /* XCRemoteSwiftPackageReference "firebase-ios-sdk" */;
			productName = "FirebaseStorageCombine-Community";
		};
		6A21C66428128E2800A452A9 /* FirebaseStorageSwift-Beta */ = {
			isa = XCSwiftPackageProductDependency;
			package = 6A21C62F28128E2700A452A9 /* XCRemoteSwiftPackageReference "firebase-ios-sdk" */;
			productName = "FirebaseStorageSwift-Beta";
		};
		6A21C6672812A32C00A452A9 /* GoogleSignIn */ = {
			isa = XCSwiftPackageProductDependency;
			package = 6A21C6662812A32B00A452A9 /* XCRemoteSwiftPackageReference "GoogleSignIn-iOS" */;
			productName = GoogleSignIn;
		};
		6A22627B2812D1EA00F0A1D4 /* FacebookBasics */ = {
			isa = XCSwiftPackageProductDependency;
			package = 6A22627A2812D1EA00F0A1D4 /* XCRemoteSwiftPackageReference "facebook-ios-sdk" */;
			productName = FacebookBasics;
		};
		6A22627D2812D1EA00F0A1D4 /* FacebookCore */ = {
			isa = XCSwiftPackageProductDependency;
			package = 6A22627A2812D1EA00F0A1D4 /* XCRemoteSwiftPackageReference "facebook-ios-sdk" */;
			productName = FacebookCore;
		};
		6A22627F2812D1EA00F0A1D4 /* FacebookLogin */ = {
			isa = XCSwiftPackageProductDependency;
			package = 6A22627A2812D1EA00F0A1D4 /* XCRemoteSwiftPackageReference "facebook-ios-sdk" */;
			productName = FacebookLogin;
		};
		6A690060281FB83400097403 /* Hover */ = {
			isa = XCSwiftPackageProductDependency;
			package = 6A69005F281FB83200097403 /* XCRemoteSwiftPackageReference "Hover" */;
			productName = Hover;
		};
/* End XCSwiftPackageProductDependency section */

/* Begin XCVersionGroup section */
		6A7CB3612829683E00F2F573 /* TaskIT-Model.xcdatamodeld */ = {
			isa = XCVersionGroup;
			children = (
				6A7CB3622829683E00F2F573 /* TaskIT-Model.xcdatamodel */,
			);
			currentVersion = 6A7CB3622829683E00F2F573 /* TaskIT-Model.xcdatamodel */;
			path = "TaskIT-Model.xcdatamodeld";
			sourceTree = "<group>";
			versionGroupType = wrapper.xcdatamodel;
		};
/* End XCVersionGroup section */
	};
	rootObject = 6A5913D628043C8500FA5276 /* Project object */;
}
